PODS:
  - CryptoSwift (0.14.0)
  - HaventecCommon (1.1.0):
    - CryptoSwift

DEPENDENCIES:
  - HaventecCommon (from `../`)

SPEC REPOS:
  https://github.com/CocoaPods/Specs.git:
    - CryptoSwift

EXTERNAL SOURCES:
  HaventecCommon:
    :path: "../"

SPEC CHECKSUMS:
  CryptoSwift: 35a10419f4dbf0619c13f8c1c180037e115323fa
  HaventecCommon: eb735d8c68a98627601a76fec2d440b3426946ae

PODFILE CHECKSUM: 33ac72f668edc745b0f11c685a00b9c26a694825

COCOAPODS: 1.10.1
