PODS:
  - HaventecCommon (0.1.0)
  - Nimble (7.3.2)
  - Quick (1.3.4)

DEPENDENCIES:
  - HaventecCommon (from `../`)
  - Nimble
  - Quick

SPEC REPOS:
  https://github.com/cocoapods/specs.git:
    - Nimble
    - Quick

EXTERNAL SOURCES:
  HaventecCommon:
    :path: "../"

SPEC CHECKSUMS:
  HaventecCommon: 9e764e2a5e4439cad4e229f13de2f1aec2dbd4b4
  Nimble: 5e94a8cacb355943c6c87198035dc4adbb0f10e4
  Quick: f4f7f063c524394c73ed93ac70983c609805d481

PODFILE CHECKSUM: f631d813a21e5e64951f27380204cbee1aa9c4f3

COCOAPODS: 1.6.0.rc.1
